// !$*UTF8*$!
{
	archiveVersion = 1;
	classes = {
	};
	objectVersion = 46;
	objects = {

/* Begin PBXBuildFile section */
		E55429F419C60D61001C40BB /* FOBookCell.m in Sources */ = {isa = PBXBuildFile; fileRef = E55429F319C60D61001C40BB /* FOBookCell.m */; };
		E55429F719C6131E001C40BB /* FOBook.m in Sources */ = {isa = PBXBuildFile; fileRef = E55429F619C6131E001C40BB /* FOBook.m */; };
		E56EB2BB19C61EC0009502CE /* FOContinuousLoadingView.m in Sources */ = {isa = PBXBuildFile; fileRef = E56EB2BA19C61EC0009502CE /* FOContinuousLoadingView.m */; };
		E591C99A19C5CC1100471A2E /* main.m in Sources */ = {isa = PBXBuildFile; fileRef = E591C99919C5CC1100471A2E /* main.m */; };
		E591C99D19C5CC1100471A2E /* AppDelegate.m in Sources */ = {isa = PBXBuildFile; fileRef = E591C99C19C5CC1100471A2E /* AppDelegate.m */; };
		E591C9A019C5CC1100471A2E /* FOBookCollection.xcdatamodeld in Sources */ = {isa = PBXBuildFile; fileRef = E591C99E19C5CC1100471A2E /* FOBookCollection.xcdatamodeld */; };
		E591C9A319C5CC1100471A2E /* FOBooksListViewController.m in Sources */ = {isa = PBXBuildFile; fileRef = E591C9A219C5CC1100471A2E /* FOBooksListViewController.m */; };
		E591C9A619C5CC1100471A2E /* Main.storyboard in Resources */ = {isa = PBXBuildFile; fileRef = E591C9A419C5CC1100471A2E /* Main.storyboard */; };
		E591C9A819C5CC1100471A2E /* Images.xcassets in Resources */ = {isa = PBXBuildFile; fileRef = E591C9A719C5CC1100471A2E /* Images.xcassets */; };
		E591C9AB19C5CC1100471A2E /* LaunchScreen.xib in Resources */ = {isa = PBXBuildFile; fileRef = E591C9A919C5CC1100471A2E /* LaunchScreen.xib */; };
		E591C9B719C5CC1100471A2E /* FOBookCollectionTests.m in Sources */ = {isa = PBXBuildFile; fileRef = E591C9B619C5CC1100471A2E /* FOBookCollectionTests.m */; };
		E591C9C419C5CF8A00471A2E /* FOEntity.m in Sources */ = {isa = PBXBuildFile; fileRef = E591C9C319C5CF8A00471A2E /* FOEntity.m */; };
		E591C9CF19C5D5AF00471A2E /* FOBook+Custom.m in Sources */ = {isa = PBXBuildFile; fileRef = E591C9CE19C5D5AF00471A2E /* FOBook+Custom.m */; };
		E591C9D319C5D72500471A2E /* FOBooksService.m in Sources */ = {isa = PBXBuildFile; fileRef = E591C9D219C5D72500471A2E /* FOBooksService.m */; };
		FAEFD76971BE4285A5BED709 /* libPods.a in Frameworks */ = {isa = PBXBuildFile; fileRef = E7286ADAFDA1446E9E9DB073 /* libPods.a */; };
/* End PBXBuildFile section */

/* Begin PBXContainerItemProxy section */
		E591C9B119C5CC1100471A2E /* PBXContainerItemProxy */ = {
			isa = PBXContainerItemProxy;
			containerPortal = E591C98C19C5CC1100471A2E /* Project object */;
			proxyType = 1;
			remoteGlobalIDString = E591C99319C5CC1100471A2E;
			remoteInfo = FOBookCollection;
		};
/* End PBXContainerItemProxy section */

/* Begin PBXFileReference section */
		2B3586D70BFC43D6B5DFEE78 /* Pods.xcconfig */ = {isa = PBXFileReference; includeInIndex = 1; lastKnownFileType = text.xcconfig; name = Pods.xcconfig; path = Pods/Pods.xcconfig; sourceTree = "<group>"; };
		E55429F219C60D61001C40BB /* FOBookCell.h */ = {isa = PBXFileReference; fileEncoding = 4; lastKnownFileType = sourcecode.c.h; path = FOBookCell.h; sourceTree = "<group>"; };
		E55429F319C60D61001C40BB /* FOBookCell.m */ = {isa = PBXFileReference; fileEncoding = 4; lastKnownFileType = sourcecode.c.objc; path = FOBookCell.m; sourceTree = "<group>"; };
		E55429F519C6131E001C40BB /* FOBook.h */ = {isa = PBXFileReference; fileEncoding = 4; lastKnownFileType = sourcecode.c.h; name = FOBook.h; path = Data/FOBook.h; sourceTree = "<group>"; };
		E55429F619C6131E001C40BB /* FOBook.m */ = {isa = PBXFileReference; fileEncoding = 4; lastKnownFileType = sourcecode.c.objc; name = FOBook.m; path = Data/FOBook.m; sourceTree = "<group>"; };
		E56EB2B919C61EC0009502CE /* FOContinuousLoadingView.h */ = {isa = PBXFileReference; fileEncoding = 4; lastKnownFileType = sourcecode.c.h; path = FOContinuousLoadingView.h; sourceTree = "<group>"; };
		E56EB2BA19C61EC0009502CE /* FOContinuousLoadingView.m */ = {isa = PBXFileReference; fileEncoding = 4; lastKnownFileType = sourcecode.c.objc; path = FOContinuousLoadingView.m; sourceTree = "<group>"; };
		E591C99419C5CC1100471A2E /* FOBookCollection.app */ = {isa = PBXFileReference; explicitFileType = wrapper.application; includeInIndex = 0; path = FOBookCollection.app; sourceTree = BUILT_PRODUCTS_DIR; };
		E591C99819C5CC1100471A2E /* Info.plist */ = {isa = PBXFileReference; lastKnownFileType = text.plist.xml; path = Info.plist; sourceTree = "<group>"; };
		E591C99919C5CC1100471A2E /* main.m */ = {isa = PBXFileReference; lastKnownFileType = sourcecode.c.objc; path = main.m; sourceTree = "<group>"; };
		E591C99B19C5CC1100471A2E /* AppDelegate.h */ = {isa = PBXFileReference; lastKnownFileType = sourcecode.c.h; path = AppDelegate.h; sourceTree = "<group>"; };
		E591C99C19C5CC1100471A2E /* AppDelegate.m */ = {isa = PBXFileReference; lastKnownFileType = sourcecode.c.objc; path = AppDelegate.m; sourceTree = "<group>"; };
		E591C99F19C5CC1100471A2E /* FOBookCollection.xcdatamodel */ = {isa = PBXFileReference; lastKnownFileType = wrapper.xcdatamodel; path = FOBookCollection.xcdatamodel; sourceTree = "<group>"; };
		E591C9A119C5CC1100471A2E /* FOBooksListViewController.h */ = {isa = PBXFileReference; lastKnownFileType = sourcecode.c.h; path = FOBooksListViewController.h; sourceTree = "<group>"; };
		E591C9A219C5CC1100471A2E /* FOBooksListViewController.m */ = {isa = PBXFileReference; lastKnownFileType = sourcecode.c.objc; path = FOBooksListViewController.m; sourceTree = "<group>"; };
		E591C9A519C5CC1100471A2E /* Base */ = {isa = PBXFileReference; lastKnownFileType = file.storyboard; name = Base; path = Base.lproj/Main.storyboard; sourceTree = "<group>"; };
		E591C9A719C5CC1100471A2E /* Images.xcassets */ = {isa = PBXFileReference; lastKnownFileType = folder.assetcatalog; path = Images.xcassets; sourceTree = "<group>"; };
		E591C9AA19C5CC1100471A2E /* Base */ = {isa = PBXFileReference; lastKnownFileType = file.xib; name = Base; path = Base.lproj/LaunchScreen.xib; sourceTree = "<group>"; };
		E591C9B019C5CC1100471A2E /* FOBookCollectionTests.xctest */ = {isa = PBXFileReference; explicitFileType = wrapper.cfbundle; includeInIndex = 0; path = FOBookCollectionTests.xctest; sourceTree = BUILT_PRODUCTS_DIR; };
		E591C9B519C5CC1100471A2E /* Info.plist */ = {isa = PBXFileReference; lastKnownFileType = text.plist.xml; path = Info.plist; sourceTree = "<group>"; };
		E591C9B619C5CC1100471A2E /* FOBookCollectionTests.m */ = {isa = PBXFileReference; lastKnownFileType = sourcecode.c.objc; path = FOBookCollectionTests.m; sourceTree = "<group>"; };
		E591C9C219C5CF8A00471A2E /* FOEntity.h */ = {isa = PBXFileReference; fileEncoding = 4; lastKnownFileType = sourcecode.c.h; name = FOEntity.h; path = Data/FOEntity.h; sourceTree = "<group>"; };
		E591C9C319C5CF8A00471A2E /* FOEntity.m */ = {isa = PBXFileReference; fileEncoding = 4; lastKnownFileType = sourcecode.c.objc; name = FOEntity.m; path = Data/FOEntity.m; sourceTree = "<group>"; };
		E591C9C619C5D05100471A2E /* TemplateIcon2x.png */ = {isa = PBXFileReference; lastKnownFileType = image.png; path = TemplateIcon2x.png; sourceTree = "<group>"; };
		E591C9CD19C5D5AF00471A2E /* FOBook+Custom.h */ = {isa = PBXFileReference; fileEncoding = 4; lastKnownFileType = sourcecode.c.h; name = "FOBook+Custom.h"; path = "Data/FOBook+Custom.h"; sourceTree = "<group>"; };
		E591C9CE19C5D5AF00471A2E /* FOBook+Custom.m */ = {isa = PBXFileReference; fileEncoding = 4; lastKnownFileType = sourcecode.c.objc; name = "FOBook+Custom.m"; path = "Data/FOBook+Custom.m"; sourceTree = "<group>"; };
		E591C9D119C5D72500471A2E /* FOBooksService.h */ = {isa = PBXFileReference; fileEncoding = 4; lastKnownFileType = sourcecode.c.h; name = FOBooksService.h; path = Data/FOBooksService.h; sourceTree = "<group>"; };
		E591C9D219C5D72500471A2E /* FOBooksService.m */ = {isa = PBXFileReference; fileEncoding = 4; lastKnownFileType = sourcecode.c.objc; name = FOBooksService.m; path = Data/FOBooksService.m; sourceTree = "<group>"; };
		E7286ADAFDA1446E9E9DB073 /* libPods.a */ = {isa = PBXFileReference; explicitFileType = archive.ar; includeInIndex = 0; path = libPods.a; sourceTree = BUILT_PRODUCTS_DIR; };
/* End PBXFileReference section */

/* Begin PBXFrameworksBuildPhase section */
		E591C99119C5CC1100471A2E /* Frameworks */ = {
			isa = PBXFrameworksBuildPhase;
			buildActionMask = 2147483647;
			files = (
				FAEFD76971BE4285A5BED709 /* libPods.a in Frameworks */,
			);
			runOnlyForDeploymentPostprocessing = 0;
		};
		E591C9AD19C5CC1100471A2E /* Frameworks */ = {
			isa = PBXFrameworksBuildPhase;
			buildActionMask = 2147483647;
			files = (
			);
			runOnlyForDeploymentPostprocessing = 0;
		};
/* End PBXFrameworksBuildPhase section */

/* Begin PBXGroup section */
		BE75590D7F83476ABAE680B3 /* Frameworks */ = {
			isa = PBXGroup;
			children = (
				E7286ADAFDA1446E9E9DB073 /* libPods.a */,
			);
			name = Frameworks;
			sourceTree = "<group>";
		};
		E56EB2BC19C61ED5009502CE /* Views */ = {
			isa = PBXGroup;
			children = (
				E55429F219C60D61001C40BB /* FOBookCell.h */,
				E55429F319C60D61001C40BB /* FOBookCell.m */,
				E56EB2B919C61EC0009502CE /* FOContinuousLoadingView.h */,
				E56EB2BA19C61EC0009502CE /* FOContinuousLoadingView.m */,
			);
			name = Views;
			sourceTree = "<group>";
		};
		E591C98B19C5CC1100471A2E = {
			isa = PBXGroup;
			children = (
				E591C9C619C5D05100471A2E /* TemplateIcon2x.png */,
				E591C99619C5CC1100471A2E /* FOBookCollection */,
				E591C9B319C5CC1100471A2E /* FOBookCollectionTests */,
				E591C99519C5CC1100471A2E /* Products */,
				2B3586D70BFC43D6B5DFEE78 /* Pods.xcconfig */,
				BE75590D7F83476ABAE680B3 /* Frameworks */,
			);
			sourceTree = "<group>";
		};
		E591C99519C5CC1100471A2E /* Products */ = {
			isa = PBXGroup;
			children = (
				E591C99419C5CC1100471A2E /* FOBookCollection.app */,
				E591C9B019C5CC1100471A2E /* FOBookCollectionTests.xctest */,
			);
			name = Products;
			sourceTree = "<group>";
		};
		E591C99619C5CC1100471A2E /* FOBookCollection */ = {
			isa = PBXGroup;
			children = (
				E56EB2BC19C61ED5009502CE /* Views */,
				E591C9C019C5CC9700471A2E /* Data */,
				E591C99B19C5CC1100471A2E /* AppDelegate.h */,
				E591C99C19C5CC1100471A2E /* AppDelegate.m */,
				E591C9A119C5CC1100471A2E /* FOBooksListViewController.h */,
				E591C9A219C5CC1100471A2E /* FOBooksListViewController.m */,
				E591C9A419C5CC1100471A2E /* Main.storyboard */,
				E591C9A719C5CC1100471A2E /* Images.xcassets */,
				E591C9A919C5CC1100471A2E /* LaunchScreen.xib */,
				E591C99719C5CC1100471A2E /* Supporting Files */,
			);
			path = FOBookCollection;
			sourceTree = "<group>";
		};
		E591C99719C5CC1100471A2E /* Supporting Files */ = {
			isa = PBXGroup;
			children = (
				E591C99819C5CC1100471A2E /* Info.plist */,
				E591C99919C5CC1100471A2E /* main.m */,
			);
			name = "Supporting Files";
			sourceTree = "<group>";
		};
		E591C9B319C5CC1100471A2E /* FOBookCollectionTests */ = {
			isa = PBXGroup;
			children = (
				E591C9B619C5CC1100471A2E /* FOBookCollectionTests.m */,
				E591C9B419C5CC1100471A2E /* Supporting Files */,
			);
			path = FOBookCollectionTests;
			sourceTree = "<group>";
		};
		E591C9B419C5CC1100471A2E /* Supporting Files */ = {
			isa = PBXGroup;
			children = (
				E591C9B519C5CC1100471A2E /* Info.plist */,
			);
			name = "Supporting Files";
			sourceTree = "<group>";
		};
		E591C9C019C5CC9700471A2E /* Data */ = {
			isa = PBXGroup;
			children = (
				E591C9D019C5D6FE00471A2E /* Network Services */,
				E591C99E19C5CC1100471A2E /* FOBookCollection.xcdatamodeld */,
				E591C9C119C5CC9F00471A2E /* Generated Classes */,
				E591C9C219C5CF8A00471A2E /* FOEntity.h */,
				E591C9C319C5CF8A00471A2E /* FOEntity.m */,
				E591C9CD19C5D5AF00471A2E /* FOBook+Custom.h */,
				E591C9CE19C5D5AF00471A2E /* FOBook+Custom.m */,
			);
			name = Data;
			sourceTree = "<group>";
		};
		E591C9C119C5CC9F00471A2E /* Generated Classes */ = {
			isa = PBXGroup;
			children = (
				E55429F519C6131E001C40BB /* FOBook.h */,
				E55429F619C6131E001C40BB /* FOBook.m */,
			);
			name = "Generated Classes";
			sourceTree = "<group>";
		};
		E591C9D019C5D6FE00471A2E /* Network Services */ = {
			isa = PBXGroup;
			children = (
				E591C9D119C5D72500471A2E /* FOBooksService.h */,
				E591C9D219C5D72500471A2E /* FOBooksService.m */,
			);
			name = "Network Services";
			sourceTree = "<group>";
		};
/* End PBXGroup section */

/* Begin PBXNativeTarget section */
		E591C99319C5CC1100471A2E /* FOBookCollection */ = {
			isa = PBXNativeTarget;
			buildConfigurationList = E591C9BA19C5CC1100471A2E /* Build configuration list for PBXNativeTarget "FOBookCollection" */;
			buildPhases = (
				6A669CE0980E4426936CACC7 /* Check Pods Manifest.lock */,
				E591C99019C5CC1100471A2E /* Sources */,
				E591C99119C5CC1100471A2E /* Frameworks */,
				E591C99219C5CC1100471A2E /* Resources */,
				96DC4A6AC0FC43829CC6DFCE /* Copy Pods Resources */,
			);
			buildRules = (
			);
			dependencies = (
			);
			name = FOBookCollection;
			productName = FOBookCollection;
			productReference = E591C99419C5CC1100471A2E /* FOBookCollection.app */;
			productType = "com.apple.product-type.application";
		};
		E591C9AF19C5CC1100471A2E /* FOBookCollectionTests */ = {
			isa = PBXNativeTarget;
			buildConfigurationList = E591C9BD19C5CC1100471A2E /* Build configuration list for PBXNativeTarget "FOBookCollectionTests" */;
			buildPhases = (
				E591C9AC19C5CC1100471A2E /* Sources */,
				E591C9AD19C5CC1100471A2E /* Frameworks */,
				E591C9AE19C5CC1100471A2E /* Resources */,
			);
			buildRules = (
			);
			dependencies = (
				E591C9B219C5CC1100471A2E /* PBXTargetDependency */,
			);
			name = FOBookCollectionTests;
			productName = FOBookCollectionTests;
			productReference = E591C9B019C5CC1100471A2E /* FOBookCollectionTests.xctest */;
			productType = "com.apple.product-type.bundle.unit-test";
		};
/* End PBXNativeTarget section */

/* Begin PBXProject section */
		E591C98C19C5CC1100471A2E /* Project object */ = {
			isa = PBXProject;
			attributes = {
				LastUpgradeCheck = 0600;
				ORGANIZATIONNAME = "Fábio Oliveira";
				TargetAttributes = {
					E591C99319C5CC1100471A2E = {
						CreatedOnToolsVersion = 6.0;
					};
					E591C9AF19C5CC1100471A2E = {
						CreatedOnToolsVersion = 6.0;
						TestTargetID = E591C99319C5CC1100471A2E;
					};
				};
			};
			buildConfigurationList = E591C98F19C5CC1100471A2E /* Build configuration list for PBXProject "FOBookCollection" */;
			compatibilityVersion = "Xcode 3.2";
			developmentRegion = English;
			hasScannedForEncodings = 0;
			knownRegions = (
				en,
				Base,
			);
			mainGroup = E591C98B19C5CC1100471A2E;
			productRefGroup = E591C99519C5CC1100471A2E /* Products */;
			projectDirPath = "";
			projectRoot = "";
			targets = (
				E591C99319C5CC1100471A2E /* FOBookCollection */,
				E591C9AF19C5CC1100471A2E /* FOBookCollectionTests */,
			);
		};
/* End PBXProject section */

/* Begin PBXResourcesBuildPhase section */
		E591C99219C5CC1100471A2E /* Resources */ = {
			isa = PBXResourcesBuildPhase;
			buildActionMask = 2147483647;
			files = (
				E591C9A619C5CC1100471A2E /* Main.storyboard in Resources */,
				E591C9AB19C5CC1100471A2E /* LaunchScreen.xib in Resources */,
				E591C9A819C5CC1100471A2E /* Images.xcassets in Resources */,
			);
			runOnlyForDeploymentPostprocessing = 0;
		};
		E591C9AE19C5CC1100471A2E /* Resources */ = {
			isa = PBXResourcesBuildPhase;
			buildActionMask = 2147483647;
			files = (
			);
			runOnlyForDeploymentPostprocessing = 0;
		};
/* End PBXResourcesBuildPhase section */

/* Begin PBXShellScriptBuildPhase section */
		6A669CE0980E4426936CACC7 /* Check Pods Manifest.lock */ = {
			isa = PBXShellScriptBuildPhase;
			buildActionMask = 2147483647;
			files = (
			);
			inputPaths = (
			);
			name = "Check Pods Manifest.lock";
			outputPaths = (
			);
			runOnlyForDeploymentPostprocessing = 0;
			shellPath = /bin/sh;
			shellScript = "diff \"${PODS_ROOT}/../Podfile.lock\" \"${PODS_ROOT}/Manifest.lock\" > /dev/null\nif [[ $? != 0 ]] ; then\n    cat << EOM\nerror: The sandbox is not in sync with the Podfile.lock. Run 'pod install' or update your CocoaPods installation.\nEOM\n    exit 1\nfi\n";
			showEnvVarsInLog = 0;
		};
		96DC4A6AC0FC43829CC6DFCE /* Copy Pods Resources */ = {
			isa = PBXShellScriptBuildPhase;
			buildActionMask = 2147483647;
			files = (
			);
			inputPaths = (
			);
			name = "Copy Pods Resources";
			outputPaths = (
			);
			runOnlyForDeploymentPostprocessing = 0;
			shellPath = /bin/sh;
			shellScript = "\"${SRCROOT}/Pods/Pods-resources.sh\"\n";
			showEnvVarsInLog = 0;
		};
/* End PBXShellScriptBuildPhase section */

/* Begin PBXSourcesBuildPhase section */
		E591C99019C5CC1100471A2E /* Sources */ = {
			isa = PBXSourcesBuildPhase;
			buildActionMask = 2147483647;
			files = (
				E55429F719C6131E001C40BB /* FOBook.m in Sources */,
				E591C9CF19C5D5AF00471A2E /* FOBook+Custom.m in Sources */,
				E591C99D19C5CC1100471A2E /* AppDelegate.m in Sources */,
				E591C9A019C5CC1100471A2E /* FOBookCollection.xcdatamodeld in Sources */,
				E56EB2BB19C61EC0009502CE /* FOContinuousLoadingView.m in Sources */,
				E55429F419C60D61001C40BB /* FOBookCell.m in Sources */,
				E591C9A319C5CC1100471A2E /* FOBooksListViewController.m in Sources */,
				E591C9C419C5CF8A00471A2E /* FOEntity.m in Sources */,
				E591C99A19C5CC1100471A2E /* main.m in Sources */,
				E591C9D319C5D72500471A2E /* FOBooksService.m in Sources */,
			);
			runOnlyForDeploymentPostprocessing = 0;
		};
		E591C9AC19C5CC1100471A2E /* Sources */ = {
			isa = PBXSourcesBuildPhase;
			buildActionMask = 2147483647;
			files = (
				E591C9B719C5CC1100471A2E /* FOBookCollectionTests.m in Sources */,
			);
			runOnlyForDeploymentPostprocessing = 0;
		};
/* End PBXSourcesBuildPhase section */

/* Begin PBXTargetDependency section */
		E591C9B219C5CC1100471A2E /* PBXTargetDependency */ = {
			isa = PBXTargetDependency;
			target = E591C99319C5CC1100471A2E /* FOBookCollection */;
			targetProxy = E591C9B119C5CC1100471A2E /* PBXContainerItemProxy */;
		};
/* End PBXTargetDependency section */

/* Begin PBXVariantGroup section */
		E591C9A419C5CC1100471A2E /* Main.storyboard */ = {
			isa = PBXVariantGroup;
			children = (
				E591C9A519C5CC1100471A2E /* Base */,
			);
			name = Main.storyboard;
			sourceTree = "<group>";
		};
		E591C9A919C5CC1100471A2E /* LaunchScreen.xib */ = {
			isa = PBXVariantGroup;
			children = (
				E591C9AA19C5CC1100471A2E /* Base */,
			);
			name = LaunchScreen.xib;
			sourceTree = "<group>";
		};
/* End PBXVariantGroup section */

/* Begin XCBuildConfiguration section */
		E591C9B819C5CC1100471A2E /* Debug */ = {
			isa = XCBuildConfiguration;
			buildSettings = {
				ALWAYS_SEARCH_USER_PATHS = NO;
				CLANG_CXX_LANGUAGE_STANDARD = "gnu++0x";
				CLANG_CXX_LIBRARY = "libc++";
				CLANG_ENABLE_MODULES = YES;
				CLANG_ENABLE_OBJC_ARC = YES;
				CLANG_WARN_BOOL_CONVERSION = YES;
				CLANG_WARN_CONSTANT_CONVERSION = YES;
				CLANG_WARN_DIRECT_OBJC_ISA_USAGE = YES_ERROR;
				CLANG_WARN_EMPTY_BODY = YES;
				CLANG_WARN_ENUM_CONVERSION = YES;
				CLANG_WARN_INT_CONVERSION = YES;
				CLANG_WARN_OBJC_ROOT_CLASS = YES_ERROR;
				CLANG_WARN_UNREACHABLE_CODE = YES;
				CLANG_WARN__DUPLICATE_METHOD_MATCH = YES;
				"CODE_SIGN_IDENTITY[sdk=iphoneos*]" = "iPhone Developer";
				COPY_PHASE_STRIP = NO;
				ENABLE_STRICT_OBJC_MSGSEND = YES;
				GCC_C_LANGUAGE_STANDARD = gnu99;
				GCC_DYNAMIC_NO_PIC = NO;
				GCC_OPTIMIZATION_LEVEL = 0;
				GCC_PREPROCESSOR_DEFINITIONS = (
					"DEBUG=1",
					"$(inherited)",
				);
				GCC_SYMBOLS_PRIVATE_EXTERN = NO;
				GCC_WARN_64_TO_32_BIT_CONVERSION = YES;
				GCC_WARN_ABOUT_RETURN_TYPE = YES_ERROR;
				GCC_WARN_UNDECLARED_SELECTOR = YES;
				GCC_WARN_UNINITIALIZED_AUTOS = YES_AGGRESSIVE;
				GCC_WARN_UNUSED_FUNCTION = YES;
				GCC_WARN_UNUSED_VARIABLE = YES;
				IPHONEOS_DEPLOYMENT_TARGET = 8.0;
				MTL_ENABLE_DEBUG_INFO = YES;
				ONLY_ACTIVE_ARCH = YES;
				SDKROOT = iphoneos;
				TARGETED_DEVICE_FAMILY = "1,2";
			};
			name = Debug;
		};
		E591C9B919C5CC1100471A2E /* Release */ = {
			isa = XCBuildConfiguration;
			buildSettings = {
				ALWAYS_SEARCH_USER_PATHS = NO;
				CLANG_CXX_LANGUAGE_STANDARD = "gnu++0x";
				CLANG_CXX_LIBRARY = "libc++";
				CLANG_ENABLE_MODULES = YES;
				CLANG_ENABLE_OBJC_ARC = YES;
				CLANG_WARN_BOOL_CONVERSION = YES;
				CLANG_WARN_CONSTANT_CONVERSION = YES;
				CLANG_WARN_DIRECT_OBJC_ISA_USAGE = YES_ERROR;
				CLANG_WARN_EMPTY_BODY = YES;
				CLANG_WARN_ENUM_CONVERSION = YES;
				CLANG_WARN_INT_CONVERSION = YES;
				CLANG_WARN_OBJC_ROOT_CLASS = YES_ERROR;
				CLANG_WARN_UNREACHABLE_CODE = YES;
				CLANG_WARN__DUPLICATE_METHOD_MATCH = YES;
				"CODE_SIGN_IDENTITY[sdk=iphoneos*]" = "iPhone Developer";
				COPY_PHASE_STRIP = YES;
				ENABLE_NS_ASSERTIONS = NO;
				ENABLE_STRICT_OBJC_MSGSEND = YES;
				GCC_C_LANGUAGE_STANDARD = gnu99;
				GCC_WARN_64_TO_32_BIT_CONVERSION = YES;
				GCC_WARN_ABOUT_RETURN_TYPE = YES_ERROR;
				GCC_WARN_UNDECLARED_SELECTOR = YES;
				GCC_WARN_UNINITIALIZED_AUTOS = YES_AGGRESSIVE;
				GCC_WARN_UNUSED_FUNCTION = YES;
				GCC_WARN_UNUSED_VARIABLE = YES;
				IPHONEOS_DEPLOYMENT_TARGET = 8.0;
				MTL_ENABLE_DEBUG_INFO = NO;
				SDKROOT = iphoneos;
				TARGETED_DEVICE_FAMILY = "1,2";
				VALIDATE_PRODUCT = YES;
			};
			name = Release;
		};
		E591C9BB19C5CC1100471A2E /* Debug */ = {
			isa = XCBuildConfiguration;
			baseConfigurationReference = 2B3586D70BFC43D6B5DFEE78 /* Pods.xcconfig */;
			buildSettings = {
				ASSETCATALOG_COMPILER_APPICON_NAME = AppIcon;
				INFOPLIST_FILE = FOBookCollection/Info.plist;
				LD_RUNPATH_SEARCH_PATHS = "$(inherited) @executable_path/Frameworks";
				PRODUCT_NAME = "$(TARGET_NAME)";
			};
			name = Debug;
		};
		E591C9BC19C5CC1100471A2E /* Release */ = {
			isa = XCBuildConfiguration;
			baseConfigurationReference = 2B3586D70BFC43D6B5DFEE78 /* Pods.xcconfig */;
			buildSettings = {
				ASSETCATALOG_COMPILER_APPICON_NAME = AppIcon;
				INFOPLIST_FILE = FOBookCollection/Info.plist;
				LD_RUNPATH_SEARCH_PATHS = "$(inherited) @executable_path/Frameworks";
				PRODUCT_NAME = "$(TARGET_NAME)";
			};
			name = Release;
		};
		E591C9BE19C5CC1100471A2E /* Debug */ = {
			isa = XCBuildConfiguration;
			buildSettings = {
				BUNDLE_LOADER = "$(TEST_HOST)";
				FRAMEWORK_SEARCH_PATHS = (
					"$(SDKROOT)/Developer/Library/Frameworks",
					"$(inherited)",
				);
				GCC_PREPROCESSOR_DEFINITIONS = (
					"DEBUG=1",
					"$(inherited)",
				);
				INFOPLIST_FILE = FOBookCollectionTests/Info.plist;
				LD_RUNPATH_SEARCH_PATHS = "$(inherited) @executable_path/Frameworks @loader_path/Frameworks";
				PRODUCT_NAME = "$(TARGET_NAME)";
				TEST_HOST = "$(BUILT_PRODUCTS_DIR)/FOBookCollection.app/FOBookCollection";
			};
			name = Debug;
		};
		E591C9BF19C5CC1100471A2E /* Release */ = {
			isa = XCBuildConfiguration;
			buildSettings = {
				BUNDLE_LOADER = "$(TEST_HOST)";
				FRAMEWORK_SEARCH_PATHS = (
					"$(SDKROOT)/Developer/Library/Frameworks",
					"$(inherited)",
				);
				INFOPLIST_FILE = FOBookCollectionTests/Info.plist;
				LD_RUNPATH_SEARCH_PATHS = "$(inherited) @executable_path/Frameworks @loader_path/Frameworks";
				PRODUCT_NAME = "$(TARGET_NAME)";
				TEST_HOST = "$(BUILT_PRODUCTS_DIR)/FOBookCollection.app/FOBookCollection";
			};
			name = Release;
		};
/* End XCBuildConfiguration section */

/* Begin XCConfigurationList section */
		E591C98F19C5CC1100471A2E /* Build configuration list for PBXProject "FOBookCollection" */ = {
			isa = XCConfigurationList;
			buildConfigurations = (
				E591C9B819C5CC1100471A2E /* Debug */,
				E591C9B919C5CC1100471A2E /* Release */,
			);
			defaultConfigurationIsVisible = 0;
			defaultConfigurationName = Release;
		};
		E591C9BA19C5CC1100471A2E /* Build configuration list for PBXNativeTarget "FOBookCollection" */ = {
			isa = XCConfigurationList;
			buildConfigurations = (
				E591C9BB19C5CC1100471A2E /* Debug */,
				E591C9BC19C5CC1100471A2E /* Release */,
			);
			defaultConfigurationIsVisible = 0;
			defaultConfigurationName = Release;
		};
		E591C9BD19C5CC1100471A2E /* Build configuration list for PBXNativeTarget "FOBookCollectionTests" */ = {
			isa = XCConfigurationList;
			buildConfigurations = (
				E591C9BE19C5CC1100471A2E /* Debug */,
				E591C9BF19C5CC1100471A2E /* Release */,
			);
			defaultConfigurationIsVisible = 0;
			defaultConfigurationName = Release;
		};
/* End XCConfigurationList section */

/* Begin XCVersionGroup section */
		E591C99E19C5CC1100471A2E /* FOBookCollection.xcdatamodeld */ = {
			isa = XCVersionGroup;
			children = (
				E591C99F19C5CC1100471A2E /* FOBookCollection.xcdatamodel */,
			);
			currentVersion = E591C99F19C5CC1100471A2E /* FOBookCollection.xcdatamodel */;
			path = FOBookCollection.xcdatamodeld;
			sourceTree = "<group>";
			versionGroupType = wrapper.xcdatamodel;
		};
/* End XCVersionGroup section */
	};
	rootObject = E591C98C19C5CC1100471A2E /* Project object */;
}
